# @generated by Move, please check-in and do not edit manually.

[move]
version = 3
manifest_digest = "A5E6BB967A36ECB732E19BD90130CF02CEC91C6590FF7F777505AED1E4733279"
deps_digest = "F8BBB0CCB2491CA29A3DF03D6F92277A4F3574266507ACD77214D37ECA3F3082"
dependencies = [
  { id = "Iota", name = "Iota" },
]

[[move.package]]
id = "Iota"
source = { git = "https://github.com/iotaledger/iota.git", rev = "testnet", subdir = "crates/iota-framework/packages/iota-framework" }

dependencies = [
  { id = "MoveStdlib", name = "MoveStdlib" },
]

[[move.package]]
id = "MoveStdlib"
source = { git = "https://github.com/iotaledger/iota.git", rev = "testnet", subdir = "crates/iota-framework/packages/move-stdlib" }

[move.toolchain-version]
compiler-version = "1.12.0-rc"
edition = "2024.beta"
flavor = "iota"

[env]

[env.testnet]
chain-id = "2304aa97"
original-published-id = "0xfdb0c3a3cb644df65a4d549be8e870f88e7f2a145c78982d573ee98b8b077487"
latest-published-id = "0xfdb0c3a3cb644df65a4d549be8e870f88e7f2a145c78982d573ee98b8b077487"
published-version = "1"

[env.local]
chain-id = "a3cbbecd"
original-published-id = "0x796966bf3c64958eda9d69f92d4ab3a23fad2b7a8562933cbd8a092ff2886b77"
latest-published-id = "0x796966bf3c64958eda9d69f92d4ab3a23fad2b7a8562933cbd8a092ff2886b77"
published-version = "1"
