# @generated by Move, please check-in and do not edit manually.

[move]
version = 3
manifest_digest = "30FE95060C12CB2AD87A19EF3E0023A222028C3D5E3F8F8A300948EBBB8ADF8F"
deps_digest = "F9B494B64F0615AED0E98FC12A85B85ECD2BC5185C22D30E7F67786BB52E507C"
dependencies = [
  { id = "Iota", name = "Iota" },
  { id = "IotaSystem", name = "IotaSystem" },
  { id = "MoveStdlib", name = "MoveStdlib" },
  { id = "Stardust", name = "Stardust" },
]

[[move.package]]
id = "Iota"
source = { git = "https://github.com/iotaledger/iota.git", rev = "14632491a9d1c35e3055be16c157539fb024ab62", subdir = "crates/iota-framework/packages/iota-framework" }

dependencies = [
  { id = "MoveStdlib", name = "MoveStdlib" },
]

[[move.package]]
id = "IotaSystem"
source = { git = "https://github.com/iotaledger/iota.git", rev = "14632491a9d1c35e3055be16c157539fb024ab62", subdir = "crates/iota-framework/packages/iota-system" }

dependencies = [
  { id = "Iota", name = "Iota" },
  { id = "MoveStdlib", name = "MoveStdlib" },
]

[[move.package]]
id = "MoveStdlib"
source = { git = "https://github.com/iotaledger/iota.git", rev = "14632491a9d1c35e3055be16c157539fb024ab62", subdir = "crates/iota-framework/packages/move-stdlib" }

[[move.package]]
id = "Stardust"
source = { git = "https://github.com/iotaledger/iota.git", rev = "14632491a9d1c35e3055be16c157539fb024ab62", subdir = "crates/iota-framework/packages/stardust" }

dependencies = [
  { id = "Iota", name = "Iota" },
  { id = "MoveStdlib", name = "MoveStdlib" },
]

[move.toolchain-version]
compiler-version = "1.11.0"
edition = "2024"
flavor = "iota"

[env]

[env.testnet]
chain-id = "2304aa97"
original-published-id = "0x03bbdb19af255e2c30b06c48d3318eb8aa3b19f350b578f0433cde7f3b49fad4"
latest-published-id = "0x03bbdb19af255e2c30b06c48d3318eb8aa3b19f350b578f0433cde7f3b49fad4"
published-version = "1"
