# @generated by Move, please check-in and do not edit manually.

[move]
version = 3
manifest_digest = "82432F732B2AB55B2B07F0F85D294E5525A8D70C81052305F6E77011019DA270"
deps_digest = "F8BBB0CCB2491CA29A3DF03D6F92277A4F3574266507ACD77214D37ECA3F3082"
dependencies = [
  { id = "Iota", name = "Iota" },
]

[[move.package]]
id = "Iota"
source = { git = "https://github.com/iotaledger/iota.git", rev = "testnet", subdir = "crates/iota-framework/packages/iota-framework" }

dependencies = [
  { id = "MoveStdlib", name = "MoveStdlib" },
]

[[move.package]]
id = "MoveStdlib"
source = { git = "https://github.com/iotaledger/iota.git", rev = "testnet", subdir = "crates/iota-framework/packages/move-stdlib" }

[move.toolchain-version]
compiler-version = "1.11.0-rc"
edition = "2024.beta"
flavor = "iota"

[env]

[env.testnet]
chain-id = "2304aa97"
original-published-id = "0x7a3dc160244e5cf76e61e39a61935063592f3d661e6190c6927634f99c15108d"
latest-published-id = "0x7a3dc160244e5cf76e61e39a61935063592f3d661e6190c6927634f99c15108d"
published-version = "1"
